
Microsoft Visual Studio Solution File, Format Version 12.00
# Visual Studio Version 16
VisualStudioVersion = 16.0.29728.190
MinimumVisualStudioVersion = 10.0.40219.1
Project("{9A19103F-16F7-4668-BE54-9A1E7A4F7556}") = "ServerApp", "ServerApp\ServerApp.csproj", "{11D79FBE-BC22-4FC7-8614-D73A44E63D70}"
EndProject
Project("{E24C65DC-7377-472B-9ABA-BC803B73C61A}") = "ClientApp", "ClientApp\", "{F1ED76D9-EC39-4A88-A16F-7403961C79CC}"
	ProjectSection(WebsiteProperties) = preProject
		TargetFrameworkMoniker = ".NETFramework,Version%3Dv4.0"
		Debug.AspNetCompiler.VirtualPath = "/localhost_56474"
		Debug.AspNetCompiler.PhysicalPath = "ClientApp\"
		Debug.AspNetCompiler.TargetPath = "PrecompiledWeb\localhost_56474\"
		Debug.AspNetCompiler.Updateable = "true"
		Debug.AspNetCompiler.ForceOverwrite = "true"
		Debug.AspNetCompiler.FixedNames = "false"
		Debug.AspNetCompiler.Debug = "True"
		Release.AspNetCompiler.VirtualPath = "/localhost_56474"
		Release.AspNetCompiler.PhysicalPath = "ClientApp\"
		Release.AspNetCompiler.TargetPath = "PrecompiledWeb\localhost_56474\"
		Release.AspNetCompiler.Updateable = "true"
		Release.AspNetCompiler.ForceOverwrite = "true"
		Release.AspNetCompiler.FixedNames = "false"
		Release.AspNetCompiler.Debug = "False"
		VWDPort = "56474"
		SlnRelativePath = "ClientApp\"
	EndProjectSection
EndProject
Global
	GlobalSection(SolutionConfigurationPlatforms) = preSolution
		Debug|Any CPU = Debug|Any CPU
		Release|Any CPU = Release|Any CPU
	EndGlobalSection
	GlobalSection(ProjectConfigurationPlatforms) = postSolution
		{11D79FBE-BC22-4FC7-8614-D73A44E63D70}.Debug|Any CPU.ActiveCfg = Debug|Any CPU
		{11D79FBE-BC22-4FC7-8614-D73A44E63D70}.Debug|Any CPU.Build.0 = Debug|Any CPU
		{11D79FBE-BC22-4FC7-8614-D73A44E63D70}.Release|Any CPU.ActiveCfg = Release|Any CPU
		{11D79FBE-BC22-4FC7-8614-D73A44E63D70}.Release|Any CPU.Build.0 = Release|Any CPU
		{F1ED76D9-EC39-4A88-A16F-7403961C79CC}.Debug|Any CPU.ActiveCfg = Debug|Any CPU
		{F1ED76D9-EC39-4A88-A16F-7403961C79CC}.Debug|Any CPU.Build.0 = Debug|Any CPU
		{F1ED76D9-EC39-4A88-A16F-7403961C79CC}.Release|Any CPU.ActiveCfg = Debug|Any CPU
		{F1ED76D9-EC39-4A88-A16F-7403961C79CC}.Release|Any CPU.Build.0 = Debug|Any CPU
	EndGlobalSection
	GlobalSection(SolutionProperties) = preSolution
		HideSolutionNode = FALSE
	EndGlobalSection
	GlobalSection(ExtensibilityGlobals) = postSolution
		SolutionGuid = {8B996843-1E8E-4AF9-ABB8-9E26E5C9EEA1}
	EndGlobalSection
EndGlobal
